
Microsoft Visual Studio Solution File, Format Version 12.00
# Visual Studio Version 16
VisualStudioVersion = 16.0.30804.86
MinimumVisualStudioVersion = 10.0.40219.1
Project("{8BC9CEB8-8B4A-11D0-8D11-00A0C91BC942}") = "CS315-Emulator", "CS315-Emulator.vcxproj", "{EED42D1F-49FC-4963-BCCA-2EED7E2DE4D3}"
EndProject
Global
	GlobalSection(SolutionConfigurationPlatforms) = preSolution
		Debug|x64 = Debug|x64
		Release|x64 = Release|x64
	EndGlobalSection
	GlobalSection(ProjectConfigurationPlatforms) = postSolution
		{EED42D1F-49FC-4963-BCCA-2EED7E2DE4D3}.Debug|x64.ActiveCfg = Debug|x64
		{EED42D1F-49FC-4963-BCCA-2EED7E2DE4D3}.Debug|x64.Build.0 = Debug|x64
		{EED42D1F-49FC-4963-BCCA-2EED7E2DE4D3}.Release|x64.ActiveCfg = Release|x64
		{EED42D1F-49FC-4963-BCCA-2EED7E2DE4D3}.Release|x64.Build.0 = Release|x64
	EndGlobalSection
	GlobalSection(SolutionProperties) = preSolution
		HideSolutionNode = FALSE
	EndGlobalSection
	GlobalSection(ExtensibilityGlobals) = postSolution
		SolutionGuid = {101BE05D-C2C9-48AD-83AC-8EEC2C0B1688}
	EndGlobalSection
EndGlobal
